
Microsoft Visual Studio Solution File, Format Version 12.00
# Visual Studio Version 16
VisualStudioVersion = 16.0.31613.86
MinimumVisualStudioVersion = 10.0.40219.1
Project("{FAE04EC0-301F-11D3-BF4B-00C04F79EFBC}") = "bd", "bd.csproj", "{78DCDC38-16E7-42B2-A4D3-77A4FE674195}"
EndProject
Project("{FAE04EC0-301F-11D3-BF4B-00C04F79EFBC}") = "Model1", "..\Model1\Model1.csproj", "{AD578A6A-541D-4CA8-9CAB-EC3D6EC0FC9C}"
EndProject
Project("{FAE04EC0-301F-11D3-BF4B-00C04F79EFBC}") = "TestSolution", "..\TestSolution\TestSolution.csproj", "{0322B09E-22C8-4272-8F78-E3C4DB61E0F3}"
EndProject
Global
	GlobalSection(SolutionConfigurationPlatforms) = preSolution
		Debug|Any CPU = Debug|Any CPU
		Release|Any CPU = Release|Any CPU
	EndGlobalSection
	GlobalSection(ProjectConfigurationPlatforms) = postSolution
		{78DCDC38-16E7-42B2-A4D3-77A4FE674195}.Debug|Any CPU.ActiveCfg = Debug|Any CPU
		{78DCDC38-16E7-42B2-A4D3-77A4FE674195}.Debug|Any CPU.Build.0 = Debug|Any CPU
		{78DCDC38-16E7-42B2-A4D3-77A4FE674195}.Release|Any CPU.ActiveCfg = Release|Any CPU
		{78DCDC38-16E7-42B2-A4D3-77A4FE674195}.Release|Any CPU.Build.0 = Release|Any CPU
		{AD578A6A-541D-4CA8-9CAB-EC3D6EC0FC9C}.Debug|Any CPU.ActiveCfg = Debug|Any CPU
		{AD578A6A-541D-4CA8-9CAB-EC3D6EC0FC9C}.Debug|Any CPU.Build.0 = Debug|Any CPU
		{AD578A6A-541D-4CA8-9CAB-EC3D6EC0FC9C}.Release|Any CPU.ActiveCfg = Release|Any CPU
		{AD578A6A-541D-4CA8-9CAB-EC3D6EC0FC9C}.Release|Any CPU.Build.0 = Release|Any CPU
		{0322B09E-22C8-4272-8F78-E3C4DB61E0F3}.Debug|Any CPU.ActiveCfg = Debug|Any CPU
		{0322B09E-22C8-4272-8F78-E3C4DB61E0F3}.Debug|Any CPU.Build.0 = Debug|Any CPU
		{0322B09E-22C8-4272-8F78-E3C4DB61E0F3}.Release|Any CPU.ActiveCfg = Release|Any CPU
		{0322B09E-22C8-4272-8F78-E3C4DB61E0F3}.Release|Any CPU.Build.0 = Release|Any CPU
	EndGlobalSection
	GlobalSection(SolutionProperties) = preSolution
		HideSolutionNode = FALSE
	EndGlobalSection
	GlobalSection(ExtensibilityGlobals) = postSolution
		SolutionGuid = {15460AFF-31F1-45BD-BC1F-14CC3CC73349}
	EndGlobalSection
EndGlobal
